# This file is automatically @generated by Cargo.
# It is not intended for manual editing.
version = 4

[[package]]
name = "ariax-cli"
version = "0.1.0"
dependencies = [
 "ariax-core",
]

[[package]]
name = "ariax-core"
version = "0.1.0"

[[package]]
name = "ariax-xtask"
version = "0.1.0"
dependencies = [
 "ariax-core",
]
