# This file is automatically @generated by Cargo.
# It is not intended for manual editing.
version = 4

[[package]]
name = "ariax-cli"
version = "0.1.0"
dependencies = [
 "ariax-core",
]

[[package]]
name = "ariax-config"
version = "0.1.0"
dependencies = [
 "ariax-core",
]

[[package]]
name = "ariax-core"
version = "0.1.0"

[[package]]
name = "ariax-runtime"
version = "0.1.0"
dependencies = [
 "ariax-core",
]

[[package]]
name = "ariax-storage"
version = "0.1.0"
dependencies = [
 "ariax-core",
 "crc32c",
 "sha2",
 "unicode-normalization",
]

[[package]]
name = "ariax-xtask"
version = "0.1.0"
dependencies = [
 "ariax-config",
 "ariax-core",
 "ariax-runtime",
 "ariax-storage",
]

[[package]]
name = "block-buffer"
version = "0.12.1"
source = "registry+https://github.com/rust-lang/crates.io-index"
checksum = "d2f6c7dbe95a6ed67ad9f18e57daf93a2f034c524b99fd2b76d18fdfeb6660aa"
dependencies = [
 "hybrid-array",
]

[[package]]
name = "cfg-if"
version = "1.0.4"
source = "registry+https://github.com/rust-lang/crates.io-index"
checksum = "9330f8b2ff13f34540b44e946ef35111825727b38d33286ef986142615121801"

[[package]]
name = "cpufeatures"
version = "0.3.0"
source = "registry+https://github.com/rust-lang/crates.io-index"
checksum = "8b2a41393f66f16b0823bb79094d54ac5fbd34ab292ddafb9a0456ac9f87d201"
dependencies = [
 "libc",
]

[[package]]
name = "crc32c"
version = "0.6.8"
source = "registry+https://github.com/rust-lang/crates.io-index"
checksum = "3a47af21622d091a8f0fb295b88bc886ac74efcc613efc19f5d0b21de5c89e47"
dependencies = [
 "rustc_version",
]

[[package]]
name = "crypto-common"
version = "0.2.2"
source = "registry+https://github.com/rust-lang/crates.io-index"
checksum = "ce6e4c961d6cd6c9a86db418387425e8bdeaf05b3c8bc1411e6dca4c252f1453"
dependencies = [
 "hybrid-array",
]

[[package]]
name = "digest"
version = "0.11.3"
source = "registry+https://github.com/rust-lang/crates.io-index"
checksum = "f1dd6dbb5841937940781866fa1281a1ff7bd3bf827091440879f9994983d5c2"
dependencies = [
 "block-buffer",
 "crypto-common",
]

[[package]]
name = "hybrid-array"
version = "0.4.13"
source = "registry+https://github.com/rust-lang/crates.io-index"
checksum = "818356c5132c1fede50f837ca96afbe78ff42413047f4abb886217845e1b6c8c"
dependencies = [
 "typenum",
]

[[package]]
name = "libc"
version = "0.2.189"
source = "registry+https://github.com/rust-lang/crates.io-index"
checksum = "3eaf3ede3fee6db1a4c2ee091bf8a8b4dccdc6d17f656fb07896ee72867612f2"

[[package]]
name = "rustc_version"
version = "0.4.1"
source = "registry+https://github.com/rust-lang/crates.io-index"
checksum = "cfcb3a22ef46e85b45de6ee7e79d063319ebb6594faafcf1c225ea92ab6e9b92"
dependencies = [
 "semver",
]

[[package]]
name = "semver"
version = "1.0.28"
source = "registry+https://github.com/rust-lang/crates.io-index"
checksum = "8a7852d02fc848982e0c167ef163aaff9cd91dc640ba85e263cb1ce46fae51cd"

[[package]]
name = "sha2"
version = "0.11.0"
source = "registry+https://github.com/rust-lang/crates.io-index"
checksum = "446ba717509524cb3f22f17ecc096f10f4822d76ab5c0b9822c5f9c284e825f4"
dependencies = [
 "cfg-if",
 "cpufeatures",
 "digest",
]

[[package]]
name = "tinyvec"
version = "1.12.0"
source = "registry+https://github.com/rust-lang/crates.io-index"
checksum = "bb4ebadaa0af04fab11ae01eb5f9fdb5f9c5b875506e210e71c07873528baa7f"
dependencies = [
 "tinyvec_macros",
]

[[package]]
name = "tinyvec_macros"
version = "0.1.1"
source = "registry+https://github.com/rust-lang/crates.io-index"
checksum = "1f3ccbac311fea05f86f61904b462b55fb3df8837a366dfc601a0161d0532f20"

[[package]]
name = "typenum"
version = "1.20.1"
source = "registry+https://github.com/rust-lang/crates.io-index"
checksum = "b6f5e870be6c3b371b77fe0ee0bafb859fa4964b4404c27de1d380043c4dda20"

[[package]]
name = "unicode-normalization"
version = "0.1.25"
source = "registry+https://github.com/rust-lang/crates.io-index"
checksum = "5fd4f6878c9cb28d874b009da9e8d183b5abc80117c40bbd187a1fde336be6e8"
dependencies = [
 "tinyvec",
]
